
Microsoft Visual Studio Solution File, Format Version 12.00
# Visual Studio Version 17
VisualStudioVersion = 17.10.35122.118
MinimumVisualStudioVersion = 10.0.40219.1
Project("{FAE04EC0-301F-11D3-BF4B-00C04F79EFBC}") = "PipesWebbApp", "PipesWebbApp\PipesWebbApp.csproj", "{2D471878-005A-4EA1-8B5E-58280BD7E270}"
EndProject
Global
	GlobalSection(SolutionConfigurationPlatforms) = preSolution
		Debug|Any CPU = Debug|Any CPU
		Release|Any CPU = Release|Any CPU
	EndGlobalSection
	GlobalSection(ProjectConfigurationPlatforms) = postSolution
		{2D471878-005A-4EA1-8B5E-58280BD7E270}.Debug|Any CPU.ActiveCfg = Debug|Any CPU
		{2D471878-005A-4EA1-8B5E-58280BD7E270}.Debug|Any CPU.Build.0 = Debug|Any CPU
		{2D471878-005A-4EA1-8B5E-58280BD7E270}.Release|Any CPU.ActiveCfg = Release|Any CPU
		{2D471878-005A-4EA1-8B5E-58280BD7E270}.Release|Any CPU.Build.0 = Release|Any CPU
	EndGlobalSection
	GlobalSection(SolutionProperties) = preSolution
		HideSolutionNode = FALSE
	EndGlobalSection
	GlobalSection(ExtensibilityGlobals) = postSolution
		SolutionGuid = {92F5E8D3-DC18-4BB1-84B8-6C804ACCC108}
	EndGlobalSection
EndGlobal
